// !$*UTF8*$!
{
	archiveVersion = 1;
	classes = {
	};
	objectVersion = 50;
	objects = {

/* Begin PBXBuildFile section */
		767F6CD222BC83F900044DF8 /* AppDelegate.swift in Sources */ = {isa = PBXBuildFile; fileRef = 767F6CD122BC83F900044DF8 /* AppDelegate.swift */; };
		767F6CD422BC83F900044DF8 /* ViewController.swift in Sources */ = {isa = PBXBuildFile; fileRef = 767F6CD322BC83F900044DF8 /* ViewController.swift */; };
		767F6CD722BC83F900044DF8 /* Main.storyboard in Resources */ = {isa = PBXBuildFile; fileRef = 767F6CD522BC83F900044DF8 /* Main.storyboard */; };
		767F6CD922BC83FB00044DF8 /* Assets.xcassets in Resources */ = {isa = PBXBuildFile; fileRef = 767F6CD822BC83FB00044DF8 /* Assets.xcassets */; };
		767F6CDC22BC83FB00044DF8 /* LaunchScreen.storyboard in Resources */ = {isa = PBXBuildFile; fileRef = 767F6CDA22BC83FB00044DF8 /* LaunchScreen.storyboard */; };
		767F6CE722BC83FB00044DF8 /* LeetCodeTests.swift in Sources */ = {isa = PBXBuildFile; fileRef = 767F6CE622BC83FB00044DF8 /* LeetCodeTests.swift */; };
		767F6CF222BC841900044DF8 /* ArrayExtension.swift in Sources */ = {isa = PBXBuildFile; fileRef = 767F6CF122BC841900044DF8 /* ArrayExtension.swift */; };
		767F6CF422BC86C600044DF8 /* LeetCoder.swift in Sources */ = {isa = PBXBuildFile; fileRef = 767F6CF322BC86C600044DF8 /* LeetCoder.swift */; };
/* End PBXBuildFile section */

/* Begin PBXContainerItemProxy section */
		767F6CE322BC83FB00044DF8 /* PBXContainerItemProxy */ = {
			isa = PBXContainerItemProxy;
			containerPortal = 767F6CC622BC83F900044DF8 /* Project object */;
			proxyType = 1;
			remoteGlobalIDString = 767F6CCD22BC83F900044DF8;
			remoteInfo = LeetCode;
		};
/* End PBXContainerItemProxy section */

/* Begin PBXFileReference section */
		767F6CCE22BC83F900044DF8 /* LeetCode.app */ = {isa = PBXFileReference; explicitFileType = wrapper.application; includeInIndex = 0; path = LeetCode.app; sourceTree = BUILT_PRODUCTS_DIR; };
		767F6CD122BC83F900044DF8 /* AppDelegate.swift */ = {isa = PBXFileReference; lastKnownFileType = sourcecode.swift; path = AppDelegate.swift; sourceTree = "<group>"; };
		767F6CD322BC83F900044DF8 /* ViewController.swift */ = {isa = PBXFileReference; lastKnownFileType = sourcecode.swift; path = ViewController.swift; sourceTree = "<group>"; };
		767F6CD622BC83F900044DF8 /* Base */ = {isa = PBXFileReference; lastKnownFileType = file.storyboard; name = Base; path = Base.lproj/Main.storyboard; sourceTree = "<group>"; };
		767F6CD822BC83FB00044DF8 /* Assets.xcassets */ = {isa = PBXFileReference; lastKnownFileType = folder.assetcatalog; path = Assets.xcassets; sourceTree = "<group>"; };
		767F6CDB22BC83FB00044DF8 /* Base */ = {isa = PBXFileReference; lastKnownFileType = file.storyboard; name = Base; path = Base.lproj/LaunchScreen.storyboard; sourceTree = "<group>"; };
		767F6CDD22BC83FB00044DF8 /* Info.plist */ = {isa = PBXFileReference; lastKnownFileType = text.plist.xml; path = Info.plist; sourceTree = "<group>"; };
		767F6CE222BC83FB00044DF8 /* LeetCodeTests.xctest */ = {isa = PBXFileReference; explicitFileType = wrapper.cfbundle; includeInIndex = 0; path = LeetCodeTests.xctest; sourceTree = BUILT_PRODUCTS_DIR; };
		767F6CE622BC83FB00044DF8 /* LeetCodeTests.swift */ = {isa = PBXFileReference; lastKnownFileType = sourcecode.swift; path = LeetCodeTests.swift; sourceTree = "<group>"; };
		767F6CE822BC83FB00044DF8 /* Info.plist */ = {isa = PBXFileReference; lastKnownFileType = text.plist.xml; path = Info.plist; sourceTree = "<group>"; };
		767F6CF122BC841900044DF8 /* ArrayExtension.swift */ = {isa = PBXFileReference; fileEncoding = 4; lastKnownFileType = sourcecode.swift; path = ArrayExtension.swift; sourceTree = "<group>"; };
		767F6CF322BC86C600044DF8 /* LeetCoder.swift */ = {isa = PBXFileReference; lastKnownFileType = sourcecode.swift; path = LeetCoder.swift; sourceTree = "<group>"; };
/* End PBXFileReference section */

/* Begin PBXFrameworksBuildPhase section */
		767F6CCB22BC83F900044DF8 /* Frameworks */ = {
			isa = PBXFrameworksBuildPhase;
			buildActionMask = 2147483647;
			files = (
			);
			runOnlyForDeploymentPostprocessing = 0;
		};
		767F6CDF22BC83FB00044DF8 /* Frameworks */ = {
			isa = PBXFrameworksBuildPhase;
			buildActionMask = 2147483647;
			files = (
			);
			runOnlyForDeploymentPostprocessing = 0;
		};
/* End PBXFrameworksBuildPhase section */

/* Begin PBXGroup section */
		767F6CC522BC83F900044DF8 = {
			isa = PBXGroup;
			children = (
				767F6CD022BC83F900044DF8 /* LeetCode */,
				767F6CE522BC83FB00044DF8 /* LeetCodeTests */,
				767F6CCF22BC83F900044DF8 /* Products */,
			);
			sourceTree = "<group>";
		};
		767F6CCF22BC83F900044DF8 /* Products */ = {
			isa = PBXGroup;
			children = (
				767F6CCE22BC83F900044DF8 /* LeetCode.app */,
				767F6CE222BC83FB00044DF8 /* LeetCodeTests.xctest */,
			);
			name = Products;
			sourceTree = "<group>";
		};
		767F6CD022BC83F900044DF8 /* LeetCode */ = {
			isa = PBXGroup;
			children = (
				767F6CD122BC83F900044DF8 /* AppDelegate.swift */,
				767F6CD322BC83F900044DF8 /* ViewController.swift */,
				767F6CF122BC841900044DF8 /* ArrayExtension.swift */,
				767F6CF322BC86C600044DF8 /* LeetCoder.swift */,
				767F6CD522BC83F900044DF8 /* Main.storyboard */,
				767F6CD822BC83FB00044DF8 /* Assets.xcassets */,
				767F6CDA22BC83FB00044DF8 /* LaunchScreen.storyboard */,
				767F6CDD22BC83FB00044DF8 /* Info.plist */,
			);
			path = LeetCode;
			sourceTree = "<group>";
		};
		767F6CE522BC83FB00044DF8 /* LeetCodeTests */ = {
			isa = PBXGroup;
			children = (
				767F6CE622BC83FB00044DF8 /* LeetCodeTests.swift */,
				767F6CE822BC83FB00044DF8 /* Info.plist */,
			);
			path = LeetCodeTests;
			sourceTree = "<group>";
		};
/* End PBXGroup section */

/* Begin PBXNativeTarget section */
		767F6CCD22BC83F900044DF8 /* LeetCode */ = {
			isa = PBXNativeTarget;
			buildConfigurationList = 767F6CEB22BC83FB00044DF8 /* Build configuration list for PBXNativeTarget "LeetCode" */;
			buildPhases = (
				767F6CCA22BC83F900044DF8 /* Sources */,
				767F6CCB22BC83F900044DF8 /* Frameworks */,
				767F6CCC22BC83F900044DF8 /* Resources */,
			);
			buildRules = (
			);
			dependencies = (
			);
			name = LeetCode;
			productName = LeetCode;
			productReference = 767F6CCE22BC83F900044DF8 /* LeetCode.app */;
			productType = "com.apple.product-type.application";
		};
		767F6CE122BC83FB00044DF8 /* LeetCodeTests */ = {
			isa = PBXNativeTarget;
			buildConfigurationList = 767F6CEE22BC83FB00044DF8 /* Build configuration list for PBXNativeTarget "LeetCodeTests" */;
			buildPhases = (
				767F6CDE22BC83FB00044DF8 /* Sources */,
				767F6CDF22BC83FB00044DF8 /* Frameworks */,
				767F6CE022BC83FB00044DF8 /* Resources */,
			);
			buildRules = (
			);
			dependencies = (
				767F6CE422BC83FB00044DF8 /* PBXTargetDependency */,
			);
			name = LeetCodeTests;
			productName = LeetCodeTests;
			productReference = 767F6CE222BC83FB00044DF8 /* LeetCodeTests.xctest */;
			productType = "com.apple.product-type.bundle.unit-test";
		};
/* End PBXNativeTarget section */

/* Begin PBXProject section */
		767F6CC622BC83F900044DF8 /* Project object */ = {
			isa = PBXProject;
			attributes = {
				LastSwiftUpdateCheck = 0940;
				LastUpgradeCheck = 0940;
				ORGANIZATIONNAME = supernano;
				TargetAttributes = {
					767F6CCD22BC83F900044DF8 = {
						CreatedOnToolsVersion = 9.4.1;
					};
					767F6CE122BC83FB00044DF8 = {
						CreatedOnToolsVersion = 9.4.1;
						TestTargetID = 767F6CCD22BC83F900044DF8;
					};
				};
			};
			buildConfigurationList = 767F6CC922BC83F900044DF8 /* Build configuration list for PBXProject "LeetCode" */;
			compatibilityVersion = "Xcode 9.3";
			developmentRegion = en;
			hasScannedForEncodings = 0;
			knownRegions = (
				en,
				Base,
			);
			mainGroup = 767F6CC522BC83F900044DF8;
			productRefGroup = 767F6CCF22BC83F900044DF8 /* Products */;
			projectDirPath = "";
			projectRoot = "";
			targets = (
				767F6CCD22BC83F900044DF8 /* LeetCode */,
				767F6CE122BC83FB00044DF8 /* LeetCodeTests */,
			);
		};
/* End PBXProject section */

/* Begin PBXResourcesBuildPhase section */
		767F6CCC22BC83F900044DF8 /* Resources */ = {
			isa = PBXResourcesBuildPhase;
			buildActionMask = 2147483647;
			files = (
				767F6CDC22BC83FB00044DF8 /* LaunchScreen.storyboard in Resources */,
				767F6CD922BC83FB00044DF8 /* Assets.xcassets in Resources */,
				767F6CD722BC83F900044DF8 /* Main.storyboard in Resources */,
			);
			runOnlyForDeploymentPostprocessing = 0;
		};
		767F6CE022BC83FB00044DF8 /* Resources */ = {
			isa = PBXResourcesBuildPhase;
			buildActionMask = 2147483647;
			files = (
			);
			runOnlyForDeploymentPostprocessing = 0;
		};
/* End PBXResourcesBuildPhase section */

/* Begin PBXSourcesBuildPhase section */
		767F6CCA22BC83F900044DF8 /* Sources */ = {
			isa = PBXSourcesBuildPhase;
			buildActionMask = 2147483647;
			files = (
				767F6CF222BC841900044DF8 /* ArrayExtension.swift in Sources */,
				767F6CF422BC86C600044DF8 /* LeetCoder.swift in Sources */,
				767F6CD422BC83F900044DF8 /* ViewController.swift in Sources */,
				767F6CD222BC83F900044DF8 /* AppDelegate.swift in Sources */,
			);
			runOnlyForDeploymentPostprocessing = 0;
		};
		767F6CDE22BC83FB00044DF8 /* Sources */ = {
			isa = PBXSourcesBuildPhase;
			buildActionMask = 2147483647;
			files = (
				767F6CE722BC83FB00044DF8 /* LeetCodeTests.swift in Sources */,
			);
			runOnlyForDeploymentPostprocessing = 0;
		};
/* End PBXSourcesBuildPhase section */

/* Begin PBXTargetDependency section */
		767F6CE422BC83FB00044DF8 /* PBXTargetDependency */ = {
			isa = PBXTargetDependency;
			target = 767F6CCD22BC83F900044DF8 /* LeetCode */;
			targetProxy = 767F6CE322BC83FB00044DF8 /* PBXContainerItemProxy */;
		};
/* End PBXTargetDependency section */

/* Begin PBXVariantGroup section */
		767F6CD522BC83F900044DF8 /* Main.storyboard */ = {
			isa = PBXVariantGroup;
			children = (
				767F6CD622BC83F900044DF8 /* Base */,
			);
			name = Main.storyboard;
			sourceTree = "<group>";
		};
		767F6CDA22BC83FB00044DF8 /* LaunchScreen.storyboard */ = {
			isa = PBXVariantGroup;
			children = (
				767F6CDB22BC83FB00044DF8 /* Base */,
			);
			name = LaunchScreen.storyboard;
			sourceTree = "<group>";
		};
/* End PBXVariantGroup section */

/* Begin XCBuildConfiguration section */
		767F6CE922BC83FB00044DF8 /* Debug */ = {
			isa = XCBuildConfiguration;
			buildSettings = {
				ALWAYS_SEARCH_USER_PATHS = NO;
				CLANG_ANALYZER_NONNULL = YES;
				CLANG_ANALYZER_NUMBER_OBJECT_CONVERSION = YES_AGGRESSIVE;
				CLANG_CXX_LANGUAGE_STANDARD = "gnu++14";
				CLANG_CXX_LIBRARY = "libc++";
				CLANG_ENABLE_MODULES = YES;
				CLANG_ENABLE_OBJC_ARC = YES;
				CLANG_ENABLE_OBJC_WEAK = YES;
				CLANG_WARN_BLOCK_CAPTURE_AUTORELEASING = YES;
				CLANG_WARN_BOOL_CONVERSION = YES;
				CLANG_WARN_COMMA = YES;
				CLANG_WARN_CONSTANT_CONVERSION = YES;
				CLANG_WARN_DEPRECATED_OBJC_IMPLEMENTATIONS = YES;
				CLANG_WARN_DIRECT_OBJC_ISA_USAGE = YES_ERROR;
				CLANG_WARN_DOCUMENTATION_COMMENTS = YES;
				CLANG_WARN_EMPTY_BODY = YES;
				CLANG_WARN_ENUM_CONVERSION = YES;
				CLANG_WARN_INFINITE_RECURSION = YES;
				CLANG_WARN_INT_CONVERSION = YES;
				CLANG_WARN_NON_LITERAL_NULL_CONVERSION = YES;
				CLANG_WARN_OBJC_IMPLICIT_RETAIN_SELF = YES;
				CLANG_WARN_OBJC_LITERAL_CONVERSION = YES;
				CLANG_WARN_OBJC_ROOT_CLASS = YES_ERROR;
				CLANG_WARN_RANGE_LOOP_ANALYSIS = YES;
				CLANG_WARN_STRICT_PROTOTYPES = YES;
				CLANG_WARN_SUSPICIOUS_MOVE = YES;
				CLANG_WARN_UNGUARDED_AVAILABILITY = YES_AGGRESSIVE;
				CLANG_WARN_UNREACHABLE_CODE = YES;
				CLANG_WARN__DUPLICATE_METHOD_MATCH = YES;
				CODE_SIGN_IDENTITY = "iPhone Developer";
				COPY_PHASE_STRIP = NO;
				DEBUG_INFORMATION_FORMAT = dwarf;
				ENABLE_STRICT_OBJC_MSGSEND = YES;
				ENABLE_TESTABILITY = YES;
				GCC_C_LANGUAGE_STANDARD = gnu11;
				GCC_DYNAMIC_NO_PIC = NO;
				GCC_NO_COMMON_BLOCKS = YES;
				GCC_OPTIMIZATION_LEVEL = 0;
				GCC_PREPROCESSOR_DEFINITIONS = (
					"DEBUG=1",
					"$(inherited)",
				);
				GCC_WARN_64_TO_32_BIT_CONVERSION = YES;
				GCC_WARN_ABOUT_RETURN_TYPE = YES_ERROR;
				GCC_WARN_UNDECLARED_SELECTOR = YES;
				GCC_WARN_UNINITIALIZED_AUTOS = YES_AGGRESSIVE;
				GCC_WARN_UNUSED_FUNCTION = YES;
				GCC_WARN_UNUSED_VARIABLE = YES;
				IPHONEOS_DEPLOYMENT_TARGET = 11.4;
				MTL_ENABLE_DEBUG_INFO = YES;
				ONLY_ACTIVE_ARCH = YES;
				SDKROOT = iphoneos;
				SWIFT_ACTIVE_COMPILATION_CONDITIONS = DEBUG;
				SWIFT_OPTIMIZATION_LEVEL = "-Onone";
			};
			name = Debug;
		};
		767F6CEA22BC83FB00044DF8 /* Release */ = {
			isa = XCBuildConfiguration;
			buildSettings = {
				ALWAYS_SEARCH_USER_PATHS = NO;
				CLANG_ANALYZER_NONNULL = YES;
				CLANG_ANALYZER_NUMBER_OBJECT_CONVERSION = YES_AGGRESSIVE;
				CLANG_CXX_LANGUAGE_STANDARD = "gnu++14";
				CLANG_CXX_LIBRARY = "libc++";
				CLANG_ENABLE_MODULES = YES;
				CLANG_ENABLE_OBJC_ARC = YES;
				CLANG_ENABLE_OBJC_WEAK = YES;
				CLANG_WARN_BLOCK_CAPTURE_AUTORELEASING = YES;
				CLANG_WARN_BOOL_CONVERSION = YES;
				CLANG_WARN_COMMA = YES;
				CLANG_WARN_CONSTANT_CONVERSION = YES;
				CLANG_WARN_DEPRECATED_OBJC_IMPLEMENTATIONS = YES;
				CLANG_WARN_DIRECT_OBJC_ISA_USAGE = YES_ERROR;
				CLANG_WARN_DOCUMENTATION_COMMENTS = YES;
				CLANG_WARN_EMPTY_BODY = YES;
				CLANG_WARN_ENUM_CONVERSION = YES;
				CLANG_WARN_INFINITE_RECURSION = YES;
				CLANG_WARN_INT_CONVERSION = YES;
				CLANG_WARN_NON_LITERAL_NULL_CONVERSION = YES;
				CLANG_WARN_OBJC_IMPLICIT_RETAIN_SELF = YES;
				CLANG_WARN_OBJC_LITERAL_CONVERSION = YES;
				CLANG_WARN_OBJC_ROOT_CLASS = YES_ERROR;
				CLANG_WARN_RANGE_LOOP_ANALYSIS = YES;
				CLANG_WARN_STRICT_PROTOTYPES = YES;
				CLANG_WARN_SUSPICIOUS_MOVE = YES;
				CLANG_WARN_UNGUARDED_AVAILABILITY = YES_AGGRESSIVE;
				CLANG_WARN_UNREACHABLE_CODE = YES;
				CLANG_WARN__DUPLICATE_METHOD_MATCH = YES;
				CODE_SIGN_IDENTITY = "iPhone Developer";
				COPY_PHASE_STRIP = NO;
				DEBUG_INFORMATION_FORMAT = "dwarf-with-dsym";
				ENABLE_NS_ASSERTIONS = NO;
				ENABLE_STRICT_OBJC_MSGSEND = YES;
				GCC_C_LANGUAGE_STANDARD = gnu11;
				GCC_NO_COMMON_BLOCKS = YES;
				GCC_WARN_64_TO_32_BIT_CONVERSION = YES;
				GCC_WARN_ABOUT_RETURN_TYPE = YES_ERROR;
				GCC_WARN_UNDECLARED_SELECTOR = YES;
				GCC_WARN_UNINITIALIZED_AUTOS = YES_AGGRESSIVE;
				GCC_WARN_UNUSED_FUNCTION = YES;
				GCC_WARN_UNUSED_VARIABLE = YES;
				IPHONEOS_DEPLOYMENT_TARGET = 11.4;
				MTL_ENABLE_DEBUG_INFO = NO;
				SDKROOT = iphoneos;
				SWIFT_COMPILATION_MODE = wholemodule;
				SWIFT_OPTIMIZATION_LEVEL = "-O";
				VALIDATE_PRODUCT = YES;
			};
			name = Release;
		};
		767F6CEC22BC83FB00044DF8 /* Debug */ = {
			isa = XCBuildConfiguration;
			buildSettings = {
				ASSETCATALOG_COMPILER_APPICON_NAME = AppIcon;
				CODE_SIGN_STYLE = Automatic;
				DEVELOPMENT_TEAM = 57G7F8V8EE;
				INFOPLIST_FILE = LeetCode/Info.plist;
				LD_RUNPATH_SEARCH_PATHS = (
					"$(inherited)",
					"@executable_path/Frameworks",
				);
				PRODUCT_BUNDLE_IDENTIFIER = com.supernano.LeetCode;
				PRODUCT_NAME = "$(TARGET_NAME)";
				SWIFT_VERSION = 4.0;
				TARGETED_DEVICE_FAMILY = "1,2";
			};
			name = Debug;
		};
		767F6CED22BC83FB00044DF8 /* Release */ = {
			isa = XCBuildConfiguration;
			buildSettings = {
				ASSETCATALOG_COMPILER_APPICON_NAME = AppIcon;
				CODE_SIGN_STYLE = Automatic;
				DEVELOPMENT_TEAM = 57G7F8V8EE;
				INFOPLIST_FILE = LeetCode/Info.plist;
				LD_RUNPATH_SEARCH_PATHS = (
					"$(inherited)",
					"@executable_path/Frameworks",
				);
				PRODUCT_BUNDLE_IDENTIFIER = com.supernano.LeetCode;
				PRODUCT_NAME = "$(TARGET_NAME)";
				SWIFT_VERSION = 4.0;
				TARGETED_DEVICE_FAMILY = "1,2";
			};
			name = Release;
		};
		767F6CEF22BC83FB00044DF8 /* Debug */ = {
			isa = XCBuildConfiguration;
			buildSettings = {
				ALWAYS_EMBED_SWIFT_STANDARD_LIBRARIES = YES;
				BUNDLE_LOADER = "$(TEST_HOST)";
				CODE_SIGN_STYLE = Automatic;
				DEVELOPMENT_TEAM = 57G7F8V8EE;
				INFOPLIST_FILE = LeetCodeTests/Info.plist;
				LD_RUNPATH_SEARCH_PATHS = (
					"$(inherited)",
					"@executable_path/Frameworks",
					"@loader_path/Frameworks",
				);
				PRODUCT_BUNDLE_IDENTIFIER = com.supernano.LeetCodeTests;
				PRODUCT_NAME = "$(TARGET_NAME)";
				SWIFT_VERSION = 4.0;
				TARGETED_DEVICE_FAMILY = "1,2";
				TEST_HOST = "$(BUILT_PRODUCTS_DIR)/LeetCode.app/LeetCode";
			};
			name = Debug;
		};
		767F6CF022BC83FB00044DF8 /* Release */ = {
			isa = XCBuildConfiguration;
			buildSettings = {
				ALWAYS_EMBED_SWIFT_STANDARD_LIBRARIES = YES;
				BUNDLE_LOADER = "$(TEST_HOST)";
				CODE_SIGN_STYLE = Automatic;
				DEVELOPMENT_TEAM = 57G7F8V8EE;
				INFOPLIST_FILE = LeetCodeTests/Info.plist;
				LD_RUNPATH_SEARCH_PATHS = (
					"$(inherited)",
					"@executable_path/Frameworks",
					"@loader_path/Frameworks",
				);
				PRODUCT_BUNDLE_IDENTIFIER = com.supernano.LeetCodeTests;
				PRODUCT_NAME = "$(TARGET_NAME)";
				SWIFT_VERSION = 4.0;
				TARGETED_DEVICE_FAMILY = "1,2";
				TEST_HOST = "$(BUILT_PRODUCTS_DIR)/LeetCode.app/LeetCode";
			};
			name = Release;
		};
/* End XCBuildConfiguration section */

/* Begin XCConfigurationList section */
		767F6CC922BC83F900044DF8 /* Build configuration list for PBXProject "LeetCode" */ = {
			isa = XCConfigurationList;
			buildConfigurations = (
				767F6CE922BC83FB00044DF8 /* Debug */,
				767F6CEA22BC83FB00044DF8 /* Release */,
			);
			defaultConfigurationIsVisible = 0;
			defaultConfigurationName = Release;
		};
		767F6CEB22BC83FB00044DF8 /* Build configuration list for PBXNativeTarget "LeetCode" */ = {
			isa = XCConfigurationList;
			buildConfigurations = (
				767F6CEC22BC83FB00044DF8 /* Debug */,
				767F6CED22BC83FB00044DF8 /* Release */,
			);
			defaultConfigurationIsVisible = 0;
			defaultConfigurationName = Release;
		};
		767F6CEE22BC83FB00044DF8 /* Build configuration list for PBXNativeTarget "LeetCodeTests" */ = {
			isa = XCConfigurationList;
			buildConfigurations = (
				767F6CEF22BC83FB00044DF8 /* Debug */,
				767F6CF022BC83FB00044DF8 /* Release */,
			);
			defaultConfigurationIsVisible = 0;
			defaultConfigurationName = Release;
		};
/* End XCConfigurationList section */
	};
	rootObject = 767F6CC622BC83F900044DF8 /* Project object */;
}
